{
  "name": "@ocdladefense/webc-events",
  "version": "1.0.0",
  "lockfileVersion": 3,
  "requires": true,
  "packages": {
    "": {
      "name": "@ocdladefense/webc-events",
      "version": "1.0.0",
      "license": "ISC",
      "dependencies": {
        "@ocdladefense/lib-date": "file:./dev_modules/lib-date",
        "@ocdladefense/lib-http": "file:./dev_modules/lib-http",
        "@ocdladefense/lib-mock": "file:./dev_modules/lib-mock",
        "@ocdladefense/lib-polyfill": "file:./dev_modules/lib-polyfill"
      }
    },
    "dev_modules/lib-date": {
      "version": "1.0.0"
    },
    "dev_modules/lib-http": {
      "version": "1.1.0"
    },
    "dev_modules/lib-mock": {
      "version": "1.0.0"
    },
    "dev_modules/lib-polyfill": {
      "version": "1.0.0"
    },
    "node_modules/@ocdladefense/lib-date": {
      "resolved": "dev_modules/lib-date",
      "link": true
    },
    "node_modules/@ocdladefense/lib-http": {
      "resolved": "dev_modules/lib-http",
      "link": true
    },
    "node_modules/@ocdladefense/lib-mock": {
      "resolved": "dev_modules/lib-mock",
      "link": true
    },
    "node_modules/@ocdladefense/lib-polyfill": {
      "resolved": "dev_modules/lib-polyfill",
      "link": true
    }
  }
}
